// !$*UTF8*$!
{
	archiveVersion = 1;
	classes = {
	};
	objectVersion = 50;
	objects = {

/* Begin PBXBuildFile section */
		D6735E2C269EAD9B00206D8D /* AppDelegate.swift in Sources */ = {isa = PBXBuildFile; fileRef = D6735E2B269EAD9B00206D8D /* AppDelegate.swift */; };
		D6735E2E269EAD9B00206D8D /* SceneDelegate.swift in Sources */ = {isa = PBXBuildFile; fileRef = D6735E2D269EAD9B00206D8D /* SceneDelegate.swift */; };
		D6735E30269EAD9B00206D8D /* ViewController.swift in Sources */ = {isa = PBXBuildFile; fileRef = D6735E2F269EAD9B00206D8D /* ViewController.swift */; };
		D6735E33269EAD9B00206D8D /* Main.storyboard in Resources */ = {isa = PBXBuildFile; fileRef = D6735E31269EAD9B00206D8D /* Main.storyboard */; };
		D6735E35269EAD9E00206D8D /* Assets.xcassets in Resources */ = {isa = PBXBuildFile; fileRef = D6735E34269EAD9E00206D8D /* Assets.xcassets */; };
		D6735E38269EAD9E00206D8D /* LaunchScreen.storyboard in Resources */ = {isa = PBXBuildFile; fileRef = D6735E36269EAD9E00206D8D /* LaunchScreen.storyboard */; };
		D6735E42269EB93400206D8D /* WelcomeViewController.swift in Sources */ = {isa = PBXBuildFile; fileRef = D6735E41269EB93400206D8D /* WelcomeViewController.swift */; };
		D6735E6B26A4784300206D8D /* UserProfile.swift in Sources */ = {isa = PBXBuildFile; fileRef = D6735E6A26A4784300206D8D /* UserProfile.swift */; };
		D6735E6D26A482B600206D8D /* UserInfo.swift in Sources */ = {isa = PBXBuildFile; fileRef = D6735E6C26A482B600206D8D /* UserInfo.swift */; };
		D6735E6F26A482EC00206D8D /* PersonalInfo.swift in Sources */ = {isa = PBXBuildFile; fileRef = D6735E6E26A482EC00206D8D /* PersonalInfo.swift */; };
		D6735E7126A5571900206D8D /* ProfileViewController.swift in Sources */ = {isa = PBXBuildFile; fileRef = D6735E7026A5571900206D8D /* ProfileViewController.swift */; };
/* End PBXBuildFile section */

/* Begin PBXFileReference section */
		D6735E28269EAD9B00206D8D /* UshakovSV_HW2.3.1.app */ = {isa = PBXFileReference; explicitFileType = wrapper.application; includeInIndex = 0; path = UshakovSV_HW2.3.1.app; sourceTree = BUILT_PRODUCTS_DIR; };
		D6735E2B269EAD9B00206D8D /* AppDelegate.swift */ = {isa = PBXFileReference; lastKnownFileType = sourcecode.swift; path = AppDelegate.swift; sourceTree = "<group>"; };
		D6735E2D269EAD9B00206D8D /* SceneDelegate.swift */ = {isa = PBXFileReference; lastKnownFileType = sourcecode.swift; path = SceneDelegate.swift; sourceTree = "<group>"; };
		D6735E2F269EAD9B00206D8D /* ViewController.swift */ = {isa = PBXFileReference; lastKnownFileType = sourcecode.swift; path = ViewController.swift; sourceTree = "<group>"; };
		D6735E32269EAD9B00206D8D /* Base */ = {isa = PBXFileReference; lastKnownFileType = file.storyboard; name = Base; path = Base.lproj/Main.storyboard; sourceTree = "<group>"; };
		D6735E34269EAD9E00206D8D /* Assets.xcassets */ = {isa = PBXFileReference; lastKnownFileType = folder.assetcatalog; path = Assets.xcassets; sourceTree = "<group>"; };
		D6735E37269EAD9E00206D8D /* Base */ = {isa = PBXFileReference; lastKnownFileType = file.storyboard; name = Base; path = Base.lproj/LaunchScreen.storyboard; sourceTree = "<group>"; };
		D6735E39269EAD9E00206D8D /* Info.plist */ = {isa = PBXFileReference; lastKnownFileType = text.plist.xml; path = Info.plist; sourceTree = "<group>"; };
		D6735E41269EB93400206D8D /* WelcomeViewController.swift */ = {isa = PBXFileReference; lastKnownFileType = sourcecode.swift; path = WelcomeViewController.swift; sourceTree = "<group>"; };
		D6735E6A26A4784300206D8D /* UserProfile.swift */ = {isa = PBXFileReference; lastKnownFileType = sourcecode.swift; path = UserProfile.swift; sourceTree = "<group>"; };
		D6735E6C26A482B600206D8D /* UserInfo.swift */ = {isa = PBXFileReference; lastKnownFileType = sourcecode.swift; path = UserInfo.swift; sourceTree = "<group>"; };
		D6735E6E26A482EC00206D8D /* PersonalInfo.swift */ = {isa = PBXFileReference; lastKnownFileType = sourcecode.swift; path = PersonalInfo.swift; sourceTree = "<group>"; };
		D6735E7026A5571900206D8D /* ProfileViewController.swift */ = {isa = PBXFileReference; lastKnownFileType = sourcecode.swift; path = ProfileViewController.swift; sourceTree = "<group>"; };
/* End PBXFileReference section */

/* Begin PBXFrameworksBuildPhase section */
		D6735E25269EAD9B00206D8D /* Frameworks */ = {
			isa = PBXFrameworksBuildPhase;
			buildActionMask = 2147483647;
			files = (
			);
			runOnlyForDeploymentPostprocessing = 0;
		};
/* End PBXFrameworksBuildPhase section */

/* Begin PBXGroup section */
		D6735E1F269EAD9B00206D8D = {
			isa = PBXGroup;
			children = (
				D6735E2A269EAD9B00206D8D /* UshakovSV_HW2.3.1 */,
				D6735E29269EAD9B00206D8D /* Products */,
			);
			sourceTree = "<group>";
		};
		D6735E29269EAD9B00206D8D /* Products */ = {
			isa = PBXGroup;
			children = (
				D6735E28269EAD9B00206D8D /* UshakovSV_HW2.3.1.app */,
			);
			name = Products;
			sourceTree = "<group>";
		};
		D6735E2A269EAD9B00206D8D /* UshakovSV_HW2.3.1 */ = {
			isa = PBXGroup;
			children = (
				D6735E6426A4719400206D8D /* ViewControllers */,
				D6735E6726A4731000206D8D /* Storyboards */,
				D6735E6526A4726B00206D8D /* Models */,
				D6735E6926A4737700206D8D /* Resources */,
				D6735E6826A4734800206D8D /* SupportingFiles */,
			);
			path = UshakovSV_HW2.3.1;
			sourceTree = "<group>";
		};
		D6735E6426A4719400206D8D /* ViewControllers */ = {
			isa = PBXGroup;
			children = (
				D6735E2F269EAD9B00206D8D /* ViewController.swift */,
				D6735E41269EB93400206D8D /* WelcomeViewController.swift */,
				D6735E7026A5571900206D8D /* ProfileViewController.swift */,
			);
			path = ViewControllers;
			sourceTree = "<group>";
		};
		D6735E6526A4726B00206D8D /* Models */ = {
			isa = PBXGroup;
			children = (
				D6735E6A26A4784300206D8D /* UserProfile.swift */,
				D6735E6C26A482B600206D8D /* UserInfo.swift */,
				D6735E6E26A482EC00206D8D /* PersonalInfo.swift */,
			);
			path = Models;
			sourceTree = "<group>";
		};
		D6735E6726A4731000206D8D /* Storyboards */ = {
			isa = PBXGroup;
			children = (
				D6735E31269EAD9B00206D8D /* Main.storyboard */,
				D6735E36269EAD9E00206D8D /* LaunchScreen.storyboard */,
			);
			path = Storyboards;
			sourceTree = "<group>";
		};
		D6735E6826A4734800206D8D /* SupportingFiles */ = {
			isa = PBXGroup;
			children = (
				D6735E2B269EAD9B00206D8D /* AppDelegate.swift */,
				D6735E2D269EAD9B00206D8D /* SceneDelegate.swift */,
				D6735E39269EAD9E00206D8D /* Info.plist */,
			);
			path = SupportingFiles;
			sourceTree = "<group>";
		};
		D6735E6926A4737700206D8D /* Resources */ = {
			isa = PBXGroup;
			children = (
				D6735E34269EAD9E00206D8D /* Assets.xcassets */,
			);
			path = Resources;
			sourceTree = "<group>";
		};
/* End PBXGroup section */

/* Begin PBXNativeTarget section */
		D6735E27269EAD9B00206D8D /* UshakovSV_HW2.3.1 */ = {
			isa = PBXNativeTarget;
			buildConfigurationList = D6735E3C269EAD9E00206D8D /* Build configuration list for PBXNativeTarget "UshakovSV_HW2.3.1" */;
			buildPhases = (
				D6735E24269EAD9B00206D8D /* Sources */,
				D6735E25269EAD9B00206D8D /* Frameworks */,
				D6735E26269EAD9B00206D8D /* Resources */,
			);
			buildRules = (
			);
			dependencies = (
			);
			name = UshakovSV_HW2.3.1;
			productName = UshakovSV_HW2.3.1;
			productReference = D6735E28269EAD9B00206D8D /* UshakovSV_HW2.3.1.app */;
			productType = "com.apple.product-type.application";
		};
/* End PBXNativeTarget section */

/* Begin PBXProject section */
		D6735E20269EAD9B00206D8D /* Project object */ = {
			isa = PBXProject;
			attributes = {
				LastSwiftUpdateCheck = 1250;
				LastUpgradeCheck = 1250;
				TargetAttributes = {
					D6735E27269EAD9B00206D8D = {
						CreatedOnToolsVersion = 12.5.1;
					};
				};
			};
			buildConfigurationList = D6735E23269EAD9B00206D8D /* Build configuration list for PBXProject "UshakovSV_HW2.3.1" */;
			compatibilityVersion = "Xcode 9.3";
			developmentRegion = en;
			hasScannedForEncodings = 0;
			knownRegions = (
				en,
				Base,
			);
			mainGroup = D6735E1F269EAD9B00206D8D;
			productRefGroup = D6735E29269EAD9B00206D8D /* Products */;
			projectDirPath = "";
			projectRoot = "";
			targets = (
				D6735E27269EAD9B00206D8D /* UshakovSV_HW2.3.1 */,
			);
		};
/* End PBXProject section */

/* Begin PBXResourcesBuildPhase section */
		D6735E26269EAD9B00206D8D /* Resources */ = {
			isa = PBXResourcesBuildPhase;
			buildActionMask = 2147483647;
			files = (
				D6735E38269EAD9E00206D8D /* LaunchScreen.storyboard in Resources */,
				D6735E35269EAD9E00206D8D /* Assets.xcassets in Resources */,
				D6735E33269EAD9B00206D8D /* Main.storyboard in Resources */,
			);
			runOnlyForDeploymentPostprocessing = 0;
		};
/* End PBXResourcesBuildPhase section */

/* Begin PBXSourcesBuildPhase section */
		D6735E24269EAD9B00206D8D /* Sources */ = {
			isa = PBXSourcesBuildPhase;
			buildActionMask = 2147483647;
			files = (
				D6735E6B26A4784300206D8D /* UserProfile.swift in Sources */,
				D6735E6D26A482B600206D8D /* UserInfo.swift in Sources */,
				D6735E6F26A482EC00206D8D /* PersonalInfo.swift in Sources */,
				D6735E30269EAD9B00206D8D /* ViewController.swift in Sources */,
				D6735E42269EB93400206D8D /* WelcomeViewController.swift in Sources */,
				D6735E2C269EAD9B00206D8D /* AppDelegate.swift in Sources */,
				D6735E7126A5571900206D8D /* ProfileViewController.swift in Sources */,
				D6735E2E269EAD9B00206D8D /* SceneDelegate.swift in Sources */,
			);
			runOnlyForDeploymentPostprocessing = 0;
		};
/* End PBXSourcesBuildPhase section */

/* Begin PBXVariantGroup section */
		D6735E31269EAD9B00206D8D /* Main.storyboard */ = {
			isa = PBXVariantGroup;
			children = (
				D6735E32269EAD9B00206D8D /* Base */,
			);
			name = Main.storyboard;
			sourceTree = "<group>";
		};
		D6735E36269EAD9E00206D8D /* LaunchScreen.storyboard */ = {
			isa = PBXVariantGroup;
			children = (
				D6735E37269EAD9E00206D8D /* Base */,
			);
			name = LaunchScreen.storyboard;
			sourceTree = "<group>";
		};
/* End PBXVariantGroup section */

/* Begin XCBuildConfiguration section */
		D6735E3A269EAD9E00206D8D /* Debug */ = {
			isa = XCBuildConfiguration;
			buildSettings = {
				ALWAYS_SEARCH_USER_PATHS = NO;
				CLANG_ANALYZER_NONNULL = YES;
				CLANG_ANALYZER_NUMBER_OBJECT_CONVERSION = YES_AGGRESSIVE;
				CLANG_CXX_LANGUAGE_STANDARD = "gnu++14";
				CLANG_CXX_LIBRARY = "libc++";
				CLANG_ENABLE_MODULES = YES;
				CLANG_ENABLE_OBJC_ARC = YES;
				CLANG_ENABLE_OBJC_WEAK = YES;
				CLANG_WARN_BLOCK_CAPTURE_AUTORELEASING = YES;
				CLANG_WARN_BOOL_CONVERSION = YES;
				CLANG_WARN_COMMA = YES;
				CLANG_WARN_CONSTANT_CONVERSION = YES;
				CLANG_WARN_DEPRECATED_OBJC_IMPLEMENTATIONS = YES;
				CLANG_WARN_DIRECT_OBJC_ISA_USAGE = YES_ERROR;
				CLANG_WARN_DOCUMENTATION_COMMENTS = YES;
				CLANG_WARN_EMPTY_BODY = YES;
				CLANG_WARN_ENUM_CONVERSION = YES;
				CLANG_WARN_INFINITE_RECURSION = YES;
				CLANG_WARN_INT_CONVERSION = YES;
				CLANG_WARN_NON_LITERAL_NULL_CONVERSION = YES;
				CLANG_WARN_OBJC_IMPLICIT_RETAIN_SELF = YES;
				CLANG_WARN_OBJC_LITERAL_CONVERSION = YES;
				CLANG_WARN_OBJC_ROOT_CLASS = YES_ERROR;
				CLANG_WARN_QUOTED_INCLUDE_IN_FRAMEWORK_HEADER = YES;
				CLANG_WARN_RANGE_LOOP_ANALYSIS = YES;
				CLANG_WARN_STRICT_PROTOTYPES = YES;
				CLANG_WARN_SUSPICIOUS_MOVE = YES;
				CLANG_WARN_UNGUARDED_AVAILABILITY = YES_AGGRESSIVE;
				CLANG_WARN_UNREACHABLE_CODE = YES;
				CLANG_WARN__DUPLICATE_METHOD_MATCH = YES;
				COPY_PHASE_STRIP = NO;
				DEBUG_INFORMATION_FORMAT = dwarf;
				ENABLE_STRICT_OBJC_MSGSEND = YES;
				ENABLE_TESTABILITY = YES;
				GCC_C_LANGUAGE_STANDARD = gnu11;
				GCC_DYNAMIC_NO_PIC = NO;
				GCC_NO_COMMON_BLOCKS = YES;
				GCC_OPTIMIZATION_LEVEL = 0;
				GCC_PREPROCESSOR_DEFINITIONS = (
					"DEBUG=1",
					"$(inherited)",
				);
				GCC_WARN_64_TO_32_BIT_CONVERSION = YES;
				GCC_WARN_ABOUT_RETURN_TYPE = YES_ERROR;
				GCC_WARN_UNDECLARED_SELECTOR = YES;
				GCC_WARN_UNINITIALIZED_AUTOS = YES_AGGRESSIVE;
				GCC_WARN_UNUSED_FUNCTION = YES;
				GCC_WARN_UNUSED_VARIABLE = YES;
				IPHONEOS_DEPLOYMENT_TARGET = 14.5;
				MTL_ENABLE_DEBUG_INFO = INCLUDE_SOURCE;
				MTL_FAST_MATH = YES;
				ONLY_ACTIVE_ARCH = YES;
				SDKROOT = iphoneos;
				SWIFT_ACTIVE_COMPILATION_CONDITIONS = DEBUG;
				SWIFT_OPTIMIZATION_LEVEL = "-Onone";
			};
			name = Debug;
		};
		D6735E3B269EAD9E00206D8D /* Release */ = {
			isa = XCBuildConfiguration;
			buildSettings = {
				ALWAYS_SEARCH_USER_PATHS = NO;
				CLANG_ANALYZER_NONNULL = YES;
				CLANG_ANALYZER_NUMBER_OBJECT_CONVERSION = YES_AGGRESSIVE;
				CLANG_CXX_LANGUAGE_STANDARD = "gnu++14";
				CLANG_CXX_LIBRARY = "libc++";
				CLANG_ENABLE_MODULES = YES;
				CLANG_ENABLE_OBJC_ARC = YES;
				CLANG_ENABLE_OBJC_WEAK = YES;
				CLANG_WARN_BLOCK_CAPTURE_AUTORELEASING = YES;
				CLANG_WARN_BOOL_CONVERSION = YES;
				CLANG_WARN_COMMA = YES;
				CLANG_WARN_CONSTANT_CONVERSION = YES;
				CLANG_WARN_DEPRECATED_OBJC_IMPLEMENTATIONS = YES;
				CLANG_WARN_DIRECT_OBJC_ISA_USAGE = YES_ERROR;
				CLANG_WARN_DOCUMENTATION_COMMENTS = YES;
				CLANG_WARN_EMPTY_BODY = YES;
				CLANG_WARN_ENUM_CONVERSION = YES;
				CLANG_WARN_INFINITE_RECURSION = YES;
				CLANG_WARN_INT_CONVERSION = YES;
				CLANG_WARN_NON_LITERAL_NULL_CONVERSION = YES;
				CLANG_WARN_OBJC_IMPLICIT_RETAIN_SELF = YES;
				CLANG_WARN_OBJC_LITERAL_CONVERSION = YES;
				CLANG_WARN_OBJC_ROOT_CLASS = YES_ERROR;
				CLANG_WARN_QUOTED_INCLUDE_IN_FRAMEWORK_HEADER = YES;
				CLANG_WARN_RANGE_LOOP_ANALYSIS = YES;
				CLANG_WARN_STRICT_PROTOTYPES = YES;
				CLANG_WARN_SUSPICIOUS_MOVE = YES;
				CLANG_WARN_UNGUARDED_AVAILABILITY = YES_AGGRESSIVE;
				CLANG_WARN_UNREACHABLE_CODE = YES;
				CLANG_WARN__DUPLICATE_METHOD_MATCH = YES;
				COPY_PHASE_STRIP = NO;
				DEBUG_INFORMATION_FORMAT = "dwarf-with-dsym";
				ENABLE_NS_ASSERTIONS = NO;
				ENABLE_STRICT_OBJC_MSGSEND = YES;
				GCC_C_LANGUAGE_STANDARD = gnu11;
				GCC_NO_COMMON_BLOCKS = YES;
				GCC_WARN_64_TO_32_BIT_CONVERSION = YES;
				GCC_WARN_ABOUT_RETURN_TYPE = YES_ERROR;
				GCC_WARN_UNDECLARED_SELECTOR = YES;
				GCC_WARN_UNINITIALIZED_AUTOS = YES_AGGRESSIVE;
				GCC_WARN_UNUSED_FUNCTION = YES;
				GCC_WARN_UNUSED_VARIABLE = YES;
				IPHONEOS_DEPLOYMENT_TARGET = 14.5;
				MTL_ENABLE_DEBUG_INFO = NO;
				MTL_FAST_MATH = YES;
				SDKROOT = iphoneos;
				SWIFT_COMPILATION_MODE = wholemodule;
				SWIFT_OPTIMIZATION_LEVEL = "-O";
				VALIDATE_PRODUCT = YES;
			};
			name = Release;
		};
		D6735E3D269EAD9E00206D8D /* Debug */ = {
			isa = XCBuildConfiguration;
			buildSettings = {
				ASSETCATALOG_COMPILER_APPICON_NAME = AppIcon;
				ASSETCATALOG_COMPILER_GLOBAL_ACCENT_COLOR_NAME = AccentColor;
				CODE_SIGN_STYLE = Automatic;
				INFOPLIST_FILE = UshakovSV_HW2.3.1/SupportingFiles/Info.plist;
				LD_RUNPATH_SEARCH_PATHS = (
					"$(inherited)",
					"@executable_path/Frameworks",
				);
				PRODUCT_BUNDLE_IDENTIFIER = "Sergey-Brazz.UshakovSV-HW2-3-1";
				PRODUCT_NAME = "$(TARGET_NAME)";
				SWIFT_VERSION = 5.0;
				TARGETED_DEVICE_FAMILY = "1,2";
			};
			name = Debug;
		};
		D6735E3E269EAD9E00206D8D /* Release */ = {
			isa = XCBuildConfiguration;
			buildSettings = {
				ASSETCATALOG_COMPILER_APPICON_NAME = AppIcon;
				ASSETCATALOG_COMPILER_GLOBAL_ACCENT_COLOR_NAME = AccentColor;
				CODE_SIGN_STYLE = Automatic;
				INFOPLIST_FILE = UshakovSV_HW2.3.1/SupportingFiles/Info.plist;
				LD_RUNPATH_SEARCH_PATHS = (
					"$(inherited)",
					"@executable_path/Frameworks",
				);
				PRODUCT_BUNDLE_IDENTIFIER = "Sergey-Brazz.UshakovSV-HW2-3-1";
				PRODUCT_NAME = "$(TARGET_NAME)";
				SWIFT_VERSION = 5.0;
				TARGETED_DEVICE_FAMILY = "1,2";
			};
			name = Release;
		};
/* End XCBuildConfiguration section */

/* Begin XCConfigurationList section */
		D6735E23269EAD9B00206D8D /* Build configuration list for PBXProject "UshakovSV_HW2.3.1" */ = {
			isa = XCConfigurationList;
			buildConfigurations = (
				D6735E3A269EAD9E00206D8D /* Debug */,
				D6735E3B269EAD9E00206D8D /* Release */,
			);
			defaultConfigurationIsVisible = 0;
			defaultConfigurationName = Release;
		};
		D6735E3C269EAD9E00206D8D /* Build configuration list for PBXNativeTarget "UshakovSV_HW2.3.1" */ = {
			isa = XCConfigurationList;
			buildConfigurations = (
				D6735E3D269EAD9E00206D8D /* Debug */,
				D6735E3E269EAD9E00206D8D /* Release */,
			);
			defaultConfigurationIsVisible = 0;
			defaultConfigurationName = Release;
		};
/* End XCConfigurationList section */
	};
	rootObject = D6735E20269EAD9B00206D8D /* Project object */;
}
